// !$*UTF8*$!
{
	archiveVersion = 1;
	classes = {
	};
	objectVersion = 45;
	objects = {

/* Begin PBXBuildFile section */
		036AF32210D3750F002304AE /* libboost_filesystem-xgcc40-mt.dylib in Frameworks */ = {isa = PBXBuildFile; fileRef = 036AF32110D3750F002304AE /* libboost_filesystem-xgcc40-mt.dylib */; };
		036AF32410D3751F002304AE /* libboost_system-xgcc40-mt.dylib in Frameworks */ = {isa = PBXBuildFile; fileRef = 036AF32310D3751F002304AE /* libboost_system-xgcc40-mt.dylib */; };
		036AF38610D379E1002304AE /* libboost_filesystem-xgcc40-mt.dylib in Frameworks */ = {isa = PBXBuildFile; fileRef = 036AF32110D3750F002304AE /* libboost_filesystem-xgcc40-mt.dylib */; };
		036AF38710D379E1002304AE /* libboost_system-xgcc40-mt.dylib in Frameworks */ = {isa = PBXBuildFile; fileRef = 036AF32310D3751F002304AE /* libboost_system-xgcc40-mt.dylib */; };
		036AF38A10D37A13002304AE /* libtokyocabinet.dylib in Frameworks */ = {isa = PBXBuildFile; fileRef = 036AF38910D37A13002304AE /* libtokyocabinet.dylib */; };
		036AF38B10D37A13002304AE /* libtokyocabinet.dylib in Frameworks */ = {isa = PBXBuildFile; fileRef = 036AF38910D37A13002304AE /* libtokyocabinet.dylib */; };
		0372F00210F7187700BEE006 /* Groups.h in Headers */ = {isa = PBXBuildFile; fileRef = 0372F00010F7187700BEE006 /* Groups.h */; };
		0372F00310F7187700BEE006 /* Group.h in Headers */ = {isa = PBXBuildFile; fileRef = 0372F00110F7187700BEE006 /* Group.h */; };
		03BD728E10E9FCF700442C98 /* RIDTreeTest.cpp in Sources */ = {isa = PBXBuildFile; fileRef = 03BD728310E9FCF700442C98 /* RIDTreeTest.cpp */; };
		03BD728F10E9FCF700442C98 /* RIDMapTest.cpp in Sources */ = {isa = PBXBuildFile; fileRef = 03BD728410E9FCF700442C98 /* RIDMapTest.cpp */; };
		03BD729010E9FCF700442C98 /* RIDListTest.cpp in Sources */ = {isa = PBXBuildFile; fileRef = 03BD728510E9FCF700442C98 /* RIDListTest.cpp */; };
		03BD729110E9FCF700442C98 /* RecordTest.cpp in Sources */ = {isa = PBXBuildFile; fileRef = 03BD728610E9FCF700442C98 /* RecordTest.cpp */; };
		03BD729210E9FCF700442C98 /* MockMeta.h in Headers */ = {isa = PBXBuildFile; fileRef = 03BD728710E9FCF700442C98 /* MockMeta.h */; };
		03BD729310E9FCF700442C98 /* MockIndex.h in Headers */ = {isa = PBXBuildFile; fileRef = 03BD728810E9FCF700442C98 /* MockIndex.h */; };
		03BD729410E9FCF700442C98 /* MetaTest.cpp in Sources */ = {isa = PBXBuildFile; fileRef = 03BD728910E9FCF700442C98 /* MetaTest.cpp */; };
		03BD729510E9FCF700442C98 /* MeasureTest.cpp in Sources */ = {isa = PBXBuildFile; fileRef = 03BD728A10E9FCF700442C98 /* MeasureTest.cpp */; };
		03BD729610E9FCF700442C98 /* IndexTest.cpp in Sources */ = {isa = PBXBuildFile; fileRef = 03BD728B10E9FCF700442C98 /* IndexTest.cpp */; };
		03BD729710E9FCF700442C98 /* DimensionTest.cpp in Sources */ = {isa = PBXBuildFile; fileRef = 03BD728C10E9FCF700442C98 /* DimensionTest.cpp */; };
		03BD729810E9FCF700442C98 /* BDBTest.cpp in Sources */ = {isa = PBXBuildFile; fileRef = 03BD728D10E9FCF700442C98 /* BDBTest.cpp */; };
		03BD72AE10E9FD7700442C98 /* MockBase.h in Headers */ = {isa = PBXBuildFile; fileRef = 03BD72AD10E9FD7700442C98 /* MockBase.h */; };
		03BD72DF10EA002700442C98 /* MockDimensions.h in Headers */ = {isa = PBXBuildFile; fileRef = 03BD72DE10EA002700442C98 /* MockDimensions.h */; };
		03BD72E110EA004800442C98 /* MockIndices.h in Headers */ = {isa = PBXBuildFile; fileRef = 03BD72E010EA004800442C98 /* MockIndices.h */; };
		03BD72E310EA005600442C98 /* MockMeasures.h in Headers */ = {isa = PBXBuildFile; fileRef = 03BD72E210EA005600442C98 /* MockMeasures.h */; };
		03E4D5C510BE584700D5068E /* libflow.dylib in Frameworks */ = {isa = PBXBuildFile; fileRef = 03E4D53910BE538E00D5068E /* libflow.dylib */; };
		03E51ED010F3657E00411368 /* Cluster.h in Headers */ = {isa = PBXBuildFile; fileRef = 03E51ECE10F3657E00411368 /* Cluster.h */; };
		03E51ED110F3657E00411368 /* Cluster.cpp in Sources */ = {isa = PBXBuildFile; fileRef = 03E51ECF10F3657E00411368 /* Cluster.cpp */; };
		03E51F9C10F5779900411368 /* Executive.h in Headers */ = {isa = PBXBuildFile; fileRef = 03E51F9A10F5779900411368 /* Executive.h */; };
		03E51F9D10F5779900411368 /* Executive.cpp in Sources */ = {isa = PBXBuildFile; fileRef = 03E51F9B10F5779900411368 /* Executive.cpp */; };
		03E5203310F589E900411368 /* MockExecutive.h in Headers */ = {isa = PBXBuildFile; fileRef = 03E5203210F589E900411368 /* MockExecutive.h */; };
		03E5218010F5A79400411368 /* ExecutiveTest.cpp in Sources */ = {isa = PBXBuildFile; fileRef = 03E520E110F5A02500411368 /* ExecutiveTest.cpp */; };
		03E72A5E10E0911200D5E4C1 /* Base.cpp in Sources */ = {isa = PBXBuildFile; fileRef = 03E72A1410E0911200D5E4C1 /* Base.cpp */; };
		03E72A5F10E0911200D5E4C1 /* Base.h in Headers */ = {isa = PBXBuildFile; fileRef = 03E72A1510E0911200D5E4C1 /* Base.h */; };
		03E72A6010E0911200D5E4C1 /* Count.cpp in Sources */ = {isa = PBXBuildFile; fileRef = 03E72A1610E0911200D5E4C1 /* Count.cpp */; };
		03E72A6110E0911200D5E4C1 /* Count.h in Headers */ = {isa = PBXBuildFile; fileRef = 03E72A1710E0911200D5E4C1 /* Count.h */; };
		03E72A6210E0911200D5E4C1 /* Sum.cpp in Sources */ = {isa = PBXBuildFile; fileRef = 03E72A1810E0911200D5E4C1 /* Sum.cpp */; };
		03E72A6310E0911200D5E4C1 /* Sum.h in Headers */ = {isa = PBXBuildFile; fileRef = 03E72A1910E0911200D5E4C1 /* Sum.h */; };
		03E72A6410E0911200D5E4C1 /* Aggregates.cpp in Sources */ = {isa = PBXBuildFile; fileRef = 03E72A1A10E0911200D5E4C1 /* Aggregates.cpp */; };
		03E72A6510E0911200D5E4C1 /* Aggregates.h in Headers */ = {isa = PBXBuildFile; fileRef = 03E72A1B10E0911200D5E4C1 /* Aggregates.h */; };
		03E72A6610E0911200D5E4C1 /* Query.cpp in Sources */ = {isa = PBXBuildFile; fileRef = 03E72A1D10E0911200D5E4C1 /* Query.cpp */; };
		03E72A6710E0911200D5E4C1 /* Query.h in Headers */ = {isa = PBXBuildFile; fileRef = 03E72A1E10E0911200D5E4C1 /* Query.h */; };
		03E72A6B10E0911200D5E4C1 /* Dimension.cpp in Sources */ = {isa = PBXBuildFile; fileRef = 03E72A2310E0911200D5E4C1 /* Dimension.cpp */; };
		03E72A6C10E0911200D5E4C1 /* Dimension.h in Headers */ = {isa = PBXBuildFile; fileRef = 03E72A2410E0911200D5E4C1 /* Dimension.h */; };
		03E72A6D10E0911200D5E4C1 /* Event.cpp in Sources */ = {isa = PBXBuildFile; fileRef = 03E72A2510E0911200D5E4C1 /* Event.cpp */; };
		03E72A6E10E0911200D5E4C1 /* Event.h in Headers */ = {isa = PBXBuildFile; fileRef = 03E72A2610E0911200D5E4C1 /* Event.h */; };
		03E72A6F10E0911200D5E4C1 /* Key.cpp in Sources */ = {isa = PBXBuildFile; fileRef = 03E72A2710E0911200D5E4C1 /* Key.cpp */; };
		03E72A7010E0911200D5E4C1 /* Key.h in Headers */ = {isa = PBXBuildFile; fileRef = 03E72A2810E0911200D5E4C1 /* Key.h */; };
		03E72A7110E0911200D5E4C1 /* Query.cpp in Sources */ = {isa = PBXBuildFile; fileRef = 03E72A2910E0911200D5E4C1 /* Query.cpp */; };
		03E72A7210E0911200D5E4C1 /* Query.h in Headers */ = {isa = PBXBuildFile; fileRef = 03E72A2A10E0911200D5E4C1 /* Query.h */; };
		03E72A7310E0911200D5E4C1 /* Pattern.cpp in Sources */ = {isa = PBXBuildFile; fileRef = 03E72A2B10E0911200D5E4C1 /* Pattern.cpp */; };
		03E72A7410E0911200D5E4C1 /* Pattern.h in Headers */ = {isa = PBXBuildFile; fileRef = 03E72A2C10E0911200D5E4C1 /* Pattern.h */; };
		03E72A7510E0911200D5E4C1 /* Table.cpp in Sources */ = {isa = PBXBuildFile; fileRef = 03E72A2D10E0911200D5E4C1 /* Table.cpp */; };
		03E72A7610E0911200D5E4C1 /* Table.h in Headers */ = {isa = PBXBuildFile; fileRef = 03E72A2E10E0911200D5E4C1 /* Table.h */; };
		03E72A7910E0911200D5E4C1 /* BDB.cpp in Sources */ = {isa = PBXBuildFile; fileRef = 03E72A3310E0911200D5E4C1 /* BDB.cpp */; };
		03E72A7A10E0911200D5E4C1 /* BDB.h in Headers */ = {isa = PBXBuildFile; fileRef = 03E72A3410E0911200D5E4C1 /* BDB.h */; };
		03E72A7B10E0911200D5E4C1 /* Dimension.cpp in Sources */ = {isa = PBXBuildFile; fileRef = 03E72A3510E0911200D5E4C1 /* Dimension.cpp */; };
		03E72A7C10E0911200D5E4C1 /* Dimension.h in Headers */ = {isa = PBXBuildFile; fileRef = 03E72A3610E0911200D5E4C1 /* Dimension.h */; };
		03E72A7D10E0911200D5E4C1 /* Index.cpp in Sources */ = {isa = PBXBuildFile; fileRef = 03E72A3710E0911200D5E4C1 /* Index.cpp */; };
		03E72A7E10E0911200D5E4C1 /* Index.h in Headers */ = {isa = PBXBuildFile; fileRef = 03E72A3810E0911200D5E4C1 /* Index.h */; };
		03E72A7F10E0911200D5E4C1 /* Measure.cpp in Sources */ = {isa = PBXBuildFile; fileRef = 03E72A3910E0911200D5E4C1 /* Measure.cpp */; };
		03E72A8010E0911200D5E4C1 /* Measure.h in Headers */ = {isa = PBXBuildFile; fileRef = 03E72A3A10E0911200D5E4C1 /* Measure.h */; };
		03E72A8110E0911200D5E4C1 /* Meta.cpp in Sources */ = {isa = PBXBuildFile; fileRef = 03E72A3B10E0911200D5E4C1 /* Meta.cpp */; };
		03E72A8210E0911200D5E4C1 /* Meta.h in Headers */ = {isa = PBXBuildFile; fileRef = 03E72A3C10E0911200D5E4C1 /* Meta.h */; };
		03E72A8310E0911200D5E4C1 /* Record.cpp in Sources */ = {isa = PBXBuildFile; fileRef = 03E72A3D10E0911200D5E4C1 /* Record.cpp */; };
		03E72A8410E0911200D5E4C1 /* Record.h in Headers */ = {isa = PBXBuildFile; fileRef = 03E72A3E10E0911200D5E4C1 /* Record.h */; };
		03E72A8510E0911200D5E4C1 /* RIDList.cpp in Sources */ = {isa = PBXBuildFile; fileRef = 03E72A3F10E0911200D5E4C1 /* RIDList.cpp */; };
		03E72A8610E0911200D5E4C1 /* RIDList.h in Headers */ = {isa = PBXBuildFile; fileRef = 03E72A4010E0911200D5E4C1 /* RIDList.h */; };
		03E72A8710E0911200D5E4C1 /* RIDMap.cpp in Sources */ = {isa = PBXBuildFile; fileRef = 03E72A4110E0911200D5E4C1 /* RIDMap.cpp */; };
		03E72A8810E0911200D5E4C1 /* RIDMap.h in Headers */ = {isa = PBXBuildFile; fileRef = 03E72A4210E0911200D5E4C1 /* RIDMap.h */; };
		03E72A8910E0911200D5E4C1 /* RIDTree.cpp in Sources */ = {isa = PBXBuildFile; fileRef = 03E72A4310E0911200D5E4C1 /* RIDTree.cpp */; };
		03E72A8A10E0911200D5E4C1 /* RIDTree.h in Headers */ = {isa = PBXBuildFile; fileRef = 03E72A4410E0911200D5E4C1 /* RIDTree.h */; };
		03E72A8B10E0911200D5E4C1 /* Dimensions.cpp in Sources */ = {isa = PBXBuildFile; fileRef = 03E72A4510E0911200D5E4C1 /* Dimensions.cpp */; };
		03E72A8C10E0911200D5E4C1 /* Dimensions.h in Headers */ = {isa = PBXBuildFile; fileRef = 03E72A4610E0911200D5E4C1 /* Dimensions.h */; };
		03E72A8D10E0911200D5E4C1 /* Base.cpp in Sources */ = {isa = PBXBuildFile; fileRef = 03E72A4710E0911200D5E4C1 /* Base.cpp */; };
		03E72A8E10E0911200D5E4C1 /* Base.h in Headers */ = {isa = PBXBuildFile; fileRef = 03E72A4810E0911200D5E4C1 /* Base.h */; };
		03E72A8F10E0911200D5E4C1 /* Indices.cpp in Sources */ = {isa = PBXBuildFile; fileRef = 03E72A4910E0911200D5E4C1 /* Indices.cpp */; };
		03E72A9010E0911200D5E4C1 /* Indices.h in Headers */ = {isa = PBXBuildFile; fileRef = 03E72A4A10E0911200D5E4C1 /* Indices.h */; };
		03E72A9110E0911200D5E4C1 /* Measures.cpp in Sources */ = {isa = PBXBuildFile; fileRef = 03E72A4B10E0911200D5E4C1 /* Measures.cpp */; };
		03E72A9210E0911200D5E4C1 /* Measures.h in Headers */ = {isa = PBXBuildFile; fileRef = 03E72A4C10E0911200D5E4C1 /* Measures.h */; };
		03E72A9310E0911200D5E4C1 /* Conditions.h in Headers */ = {isa = PBXBuildFile; fileRef = 03E72A4D10E0911200D5E4C1 /* Conditions.h */; };
		03E72A9410E0911200D5E4C1 /* Conditions.cpp in Sources */ = {isa = PBXBuildFile; fileRef = 03E72A4E10E0911200D5E4C1 /* Conditions.cpp */; };
		03E72A9510E0911200D5E4C1 /* Base.h in Headers */ = {isa = PBXBuildFile; fileRef = 03E72A5010E0911200D5E4C1 /* Base.h */; };
		03E72A9710E0911200D5E4C1 /* Eq.h in Headers */ = {isa = PBXBuildFile; fileRef = 03E72A5210E0911200D5E4C1 /* Eq.h */; };
		03E72A9910E0911200D5E4C1 /* Gt.h in Headers */ = {isa = PBXBuildFile; fileRef = 03E72A5410E0911200D5E4C1 /* Gt.h */; };
		03E72A9B10E0911200D5E4C1 /* Gte.h in Headers */ = {isa = PBXBuildFile; fileRef = 03E72A5610E0911200D5E4C1 /* Gte.h */; };
		03E72A9D10E0911200D5E4C1 /* In.h in Headers */ = {isa = PBXBuildFile; fileRef = 03E72A5810E0911200D5E4C1 /* In.h */; };
		03E72A9F10E0911200D5E4C1 /* Lt.h in Headers */ = {isa = PBXBuildFile; fileRef = 03E72A5A10E0911200D5E4C1 /* Lt.h */; };
		03E72AA110E0911200D5E4C1 /* Lte.h in Headers */ = {isa = PBXBuildFile; fileRef = 03E72A5C10E0911200D5E4C1 /* Lte.h */; };
		03E72AA210E0911200D5E4C1 /* Base.h in Headers */ = {isa = PBXBuildFile; fileRef = 03E72A5D10E0911200D5E4C1 /* Base.h */; };
		03E72AA610E0916D00D5E4C1 /* Flow.h in Headers */ = {isa = PBXBuildFile; fileRef = 03E72AA510E0916D00D5E4C1 /* Flow.h */; };
		03E72AAA10E0917B00D5E4C1 /* Common.h in Headers */ = {isa = PBXBuildFile; fileRef = 03E72AA910E0917B00D5E4C1 /* Common.h */; };
		03E72AC510E091F900D5E4C1 /* TListColumn.h in Headers */ = {isa = PBXBuildFile; fileRef = 03E72AC010E091F900D5E4C1 /* TListColumn.h */; };
		03E72AC610E091F900D5E4C1 /* TColumn.h in Headers */ = {isa = PBXBuildFile; fileRef = 03E72AC110E091F900D5E4C1 /* TColumn.h */; };
		03E72AC910E091F900D5E4C1 /* Base.h in Headers */ = {isa = PBXBuildFile; fileRef = 03E72AC410E091F900D5E4C1 /* Base.h */; };
		03E7309610E3392100D5E4C1 /* TestMain.cpp in Sources */ = {isa = PBXBuildFile; fileRef = 03E7306A10E3392100D5E4C1 /* TestMain.cpp */; };
		03E7309710E3392100D5E4C1 /* TestHelper.h in Headers */ = {isa = PBXBuildFile; fileRef = 03E7306B10E3392100D5E4C1 /* TestHelper.h */; };
		03E7309810E3392100D5E4C1 /* Fixture.h in Headers */ = {isa = PBXBuildFile; fileRef = 03E7306D10E3392100D5E4C1 /* Fixture.h */; };
		03E7309910E3392100D5E4C1 /* SubwayFixture.cpp in Sources */ = {isa = PBXBuildFile; fileRef = 03E7306E10E3392100D5E4C1 /* SubwayFixture.cpp */; };
		03E7309A10E3392100D5E4C1 /* SubwayFixture.h in Headers */ = {isa = PBXBuildFile; fileRef = 03E7306F10E3392100D5E4C1 /* SubwayFixture.h */; };
		03E7309B10E3392100D5E4C1 /* QueryTest.cpp in Sources */ = {isa = PBXBuildFile; fileRef = 03E7307310E3392100D5E4C1 /* QueryTest.cpp */; };
		03E7309C10E3392100D5E4C1 /* TColumnTest.cpp in Sources */ = {isa = PBXBuildFile; fileRef = 03E7307510E3392100D5E4C1 /* TColumnTest.cpp */; };
		03E7309D10E3392100D5E4C1 /* TListColumnTest.cpp in Sources */ = {isa = PBXBuildFile; fileRef = 03E7307610E3392100D5E4C1 /* TListColumnTest.cpp */; };
		03E7309E10E3392100D5E4C1 /* DimensionTest.cpp in Sources */ = {isa = PBXBuildFile; fileRef = 03E7307810E3392100D5E4C1 /* DimensionTest.cpp */; };
		03E7309F10E3392100D5E4C1 /* EventTest.cpp in Sources */ = {isa = PBXBuildFile; fileRef = 03E7307910E3392100D5E4C1 /* EventTest.cpp */; };
		03E730A010E3392100D5E4C1 /* KeyTest.cpp in Sources */ = {isa = PBXBuildFile; fileRef = 03E7307A10E3392100D5E4C1 /* KeyTest.cpp */; };
		03E730A110E3392100D5E4C1 /* QueryTest.cpp in Sources */ = {isa = PBXBuildFile; fileRef = 03E7307B10E3392100D5E4C1 /* QueryTest.cpp */; };
		03E730A210E3392100D5E4C1 /* PatternTest.cpp in Sources */ = {isa = PBXBuildFile; fileRef = 03E7307C10E3392100D5E4C1 /* PatternTest.cpp */; };
		03E730A310E3392100D5E4C1 /* TableTest.cpp in Sources */ = {isa = PBXBuildFile; fileRef = 03E7307D10E3392100D5E4C1 /* TableTest.cpp */; };
		03E730A510E3392100D5E4C1 /* DimensionsTest.cpp in Sources */ = {isa = PBXBuildFile; fileRef = 03E7308110E3392100D5E4C1 /* DimensionsTest.cpp */; };
		03E730A810E3392100D5E4C1 /* IndicesTest.cpp in Sources */ = {isa = PBXBuildFile; fileRef = 03E7308410E3392100D5E4C1 /* IndicesTest.cpp */; };
		03E730A910E3392100D5E4C1 /* MeasuresTest.cpp in Sources */ = {isa = PBXBuildFile; fileRef = 03E7308510E3392100D5E4C1 /* MeasuresTest.cpp */; };
		03E730B210E3392100D5E4C1 /* EQTest.cpp in Sources */ = {isa = PBXBuildFile; fileRef = 03E7308F10E3392100D5E4C1 /* EQTest.cpp */; };
		03E730B310E3392100D5E4C1 /* GTETest.cpp in Sources */ = {isa = PBXBuildFile; fileRef = 03E7309010E3392100D5E4C1 /* GTETest.cpp */; };
		03E730B410E3392100D5E4C1 /* GTTest.cpp in Sources */ = {isa = PBXBuildFile; fileRef = 03E7309110E3392100D5E4C1 /* GTTest.cpp */; };
		03E730B510E3392100D5E4C1 /* INTest.cpp in Sources */ = {isa = PBXBuildFile; fileRef = 03E7309210E3392100D5E4C1 /* INTest.cpp */; };
		03E730B610E3392100D5E4C1 /* LTETest.cpp in Sources */ = {isa = PBXBuildFile; fileRef = 03E7309310E3392100D5E4C1 /* LTETest.cpp */; };
		03E730B710E3392100D5E4C1 /* LTTest.cpp in Sources */ = {isa = PBXBuildFile; fileRef = 03E7309410E3392100D5E4C1 /* LTTest.cpp */; };
		03E730B810E3392100D5E4C1 /* BaseTest.cpp in Sources */ = {isa = PBXBuildFile; fileRef = 03E7309510E3392100D5E4C1 /* BaseTest.cpp */; };
/* End PBXBuildFile section */

/* Begin PBXContainerItemProxy section */
		03E4D5DB10BE58FF00D5068E /* PBXContainerItemProxy */ = {
			isa = PBXContainerItemProxy;
			containerPortal = 08FB7793FE84155DC02AAC07 /* Project object */;
			proxyType = 1;
			remoteGlobalIDString = 03E4D53810BE538E00D5068E;
			remoteInfo = flow;
		};
/* End PBXContainerItemProxy section */

/* Begin PBXFileReference section */
		036AEE2410D217F4002304AE /* Sequence OLAP.rtf */ = {isa = PBXFileReference; lastKnownFileType = text.rtf; path = "Sequence OLAP.rtf"; sourceTree = "<group>"; };
		036AF32110D3750F002304AE /* libboost_filesystem-xgcc40-mt.dylib */ = {isa = PBXFileReference; lastKnownFileType = "compiled.mach-o.dylib"; name = "libboost_filesystem-xgcc40-mt.dylib"; path = "usr/lib/libboost_filesystem-xgcc40-mt.dylib"; sourceTree = DEVELOPER_DIR; };
		036AF32310D3751F002304AE /* libboost_system-xgcc40-mt.dylib */ = {isa = PBXFileReference; lastKnownFileType = "compiled.mach-o.dylib"; name = "libboost_system-xgcc40-mt.dylib"; path = "usr/lib/libboost_system-xgcc40-mt.dylib"; sourceTree = DEVELOPER_DIR; };
		036AF38910D37A13002304AE /* libtokyocabinet.dylib */ = {isa = PBXFileReference; lastKnownFileType = "compiled.mach-o.dylib"; name = libtokyocabinet.dylib; path = usr/lib/libtokyocabinet.dylib; sourceTree = DEVELOPER_DIR; };
		0372F00010F7187700BEE006 /* Groups.h */ = {isa = PBXFileReference; fileEncoding = 4; lastKnownFileType = sourcecode.c.h; path = Groups.h; sourceTree = "<group>"; };
		0372F00110F7187700BEE006 /* Group.h */ = {isa = PBXFileReference; fileEncoding = 4; lastKnownFileType = sourcecode.c.h; path = Group.h; sourceTree = "<group>"; };
		03AF8D8010BE4CEB00AF17CB /* Test */ = {isa = PBXFileReference; explicitFileType = "compiled.mach-o.executable"; includeInIndex = 0; path = Test; sourceTree = BUILT_PRODUCTS_DIR; };
		03BD728310E9FCF700442C98 /* RIDTreeTest.cpp */ = {isa = PBXFileReference; fileEncoding = 4; lastKnownFileType = sourcecode.cpp.cpp; path = RIDTreeTest.cpp; sourceTree = "<group>"; };
		03BD728410E9FCF700442C98 /* RIDMapTest.cpp */ = {isa = PBXFileReference; fileEncoding = 4; lastKnownFileType = sourcecode.cpp.cpp; path = RIDMapTest.cpp; sourceTree = "<group>"; };
		03BD728510E9FCF700442C98 /* RIDListTest.cpp */ = {isa = PBXFileReference; fileEncoding = 4; lastKnownFileType = sourcecode.cpp.cpp; path = RIDListTest.cpp; sourceTree = "<group>"; };
		03BD728610E9FCF700442C98 /* RecordTest.cpp */ = {isa = PBXFileReference; fileEncoding = 4; lastKnownFileType = sourcecode.cpp.cpp; path = RecordTest.cpp; sourceTree = "<group>"; };
		03BD728710E9FCF700442C98 /* MockMeta.h */ = {isa = PBXFileReference; fileEncoding = 4; lastKnownFileType = sourcecode.c.h; path = MockMeta.h; sourceTree = "<group>"; };
		03BD728810E9FCF700442C98 /* MockIndex.h */ = {isa = PBXFileReference; fileEncoding = 4; lastKnownFileType = sourcecode.c.h; path = MockIndex.h; sourceTree = "<group>"; };
		03BD728910E9FCF700442C98 /* MetaTest.cpp */ = {isa = PBXFileReference; fileEncoding = 4; lastKnownFileType = sourcecode.cpp.cpp; path = MetaTest.cpp; sourceTree = "<group>"; };
		03BD728A10E9FCF700442C98 /* MeasureTest.cpp */ = {isa = PBXFileReference; fileEncoding = 4; lastKnownFileType = sourcecode.cpp.cpp; path = MeasureTest.cpp; sourceTree = "<group>"; };
		03BD728B10E9FCF700442C98 /* IndexTest.cpp */ = {isa = PBXFileReference; fileEncoding = 4; lastKnownFileType = sourcecode.cpp.cpp; path = IndexTest.cpp; sourceTree = "<group>"; };
		03BD728C10E9FCF700442C98 /* DimensionTest.cpp */ = {isa = PBXFileReference; fileEncoding = 4; lastKnownFileType = sourcecode.cpp.cpp; path = DimensionTest.cpp; sourceTree = "<group>"; };
		03BD728D10E9FCF700442C98 /* BDBTest.cpp */ = {isa = PBXFileReference; fileEncoding = 4; lastKnownFileType = sourcecode.cpp.cpp; path = BDBTest.cpp; sourceTree = "<group>"; };
		03BD72AD10E9FD7700442C98 /* MockBase.h */ = {isa = PBXFileReference; fileEncoding = 4; lastKnownFileType = sourcecode.c.h; path = MockBase.h; sourceTree = "<group>"; };
		03BD72DE10EA002700442C98 /* MockDimensions.h */ = {isa = PBXFileReference; fileEncoding = 4; lastKnownFileType = sourcecode.c.h; path = MockDimensions.h; sourceTree = "<group>"; };
		03BD72E010EA004800442C98 /* MockIndices.h */ = {isa = PBXFileReference; fileEncoding = 4; lastKnownFileType = sourcecode.c.h; path = MockIndices.h; sourceTree = "<group>"; };
		03BD72E210EA005600442C98 /* MockMeasures.h */ = {isa = PBXFileReference; fileEncoding = 4; lastKnownFileType = sourcecode.c.h; path = MockMeasures.h; sourceTree = "<group>"; };
		03E4D53910BE538E00D5068E /* libflow.dylib */ = {isa = PBXFileReference; explicitFileType = "compiled.mach-o.dylib"; includeInIndex = 0; path = libflow.dylib; sourceTree = BUILT_PRODUCTS_DIR; };
		03E51ECE10F3657E00411368 /* Cluster.h */ = {isa = PBXFileReference; fileEncoding = 4; lastKnownFileType = sourcecode.c.h; path = Cluster.h; sourceTree = "<group>"; };
		03E51ECF10F3657E00411368 /* Cluster.cpp */ = {isa = PBXFileReference; fileEncoding = 4; lastKnownFileType = sourcecode.cpp.cpp; path = Cluster.cpp; sourceTree = "<group>"; };
		03E51F9A10F5779900411368 /* Executive.h */ = {isa = PBXFileReference; fileEncoding = 4; lastKnownFileType = sourcecode.c.h; path = Executive.h; sourceTree = "<group>"; };
		03E51F9B10F5779900411368 /* Executive.cpp */ = {isa = PBXFileReference; fileEncoding = 4; lastKnownFileType = sourcecode.cpp.cpp; path = Executive.cpp; sourceTree = "<group>"; };
		03E5203210F589E900411368 /* MockExecutive.h */ = {isa = PBXFileReference; fileEncoding = 4; lastKnownFileType = sourcecode.c.h; path = MockExecutive.h; sourceTree = "<group>"; };
		03E520E110F5A02500411368 /* ExecutiveTest.cpp */ = {isa = PBXFileReference; fileEncoding = 4; lastKnownFileType = sourcecode.cpp.cpp; path = ExecutiveTest.cpp; sourceTree = "<group>"; };
		03E72A1410E0911200D5E4C1 /* Base.cpp */ = {isa = PBXFileReference; fileEncoding = 4; lastKnownFileType = sourcecode.cpp.cpp; path = Base.cpp; sourceTree = "<group>"; };
		03E72A1510E0911200D5E4C1 /* Base.h */ = {isa = PBXFileReference; fileEncoding = 4; lastKnownFileType = sourcecode.c.h; path = Base.h; sourceTree = "<group>"; };
		03E72A1610E0911200D5E4C1 /* Count.cpp */ = {isa = PBXFileReference; fileEncoding = 4; lastKnownFileType = sourcecode.cpp.cpp; path = Count.cpp; sourceTree = "<group>"; };
		03E72A1710E0911200D5E4C1 /* Count.h */ = {isa = PBXFileReference; fileEncoding = 4; lastKnownFileType = sourcecode.c.h; path = Count.h; sourceTree = "<group>"; };
		03E72A1810E0911200D5E4C1 /* Sum.cpp */ = {isa = PBXFileReference; fileEncoding = 4; lastKnownFileType = sourcecode.cpp.cpp; path = Sum.cpp; sourceTree = "<group>"; };
		03E72A1910E0911200D5E4C1 /* Sum.h */ = {isa = PBXFileReference; fileEncoding = 4; lastKnownFileType = sourcecode.c.h; path = Sum.h; sourceTree = "<group>"; };
		03E72A1A10E0911200D5E4C1 /* Aggregates.cpp */ = {isa = PBXFileReference; fileEncoding = 4; lastKnownFileType = sourcecode.cpp.cpp; path = Aggregates.cpp; sourceTree = "<group>"; };
		03E72A1B10E0911200D5E4C1 /* Aggregates.h */ = {isa = PBXFileReference; fileEncoding = 4; lastKnownFileType = sourcecode.c.h; path = Aggregates.h; sourceTree = "<group>"; };
		03E72A1D10E0911200D5E4C1 /* Query.cpp */ = {isa = PBXFileReference; fileEncoding = 4; lastKnownFileType = sourcecode.cpp.cpp; path = Query.cpp; sourceTree = "<group>"; };
		03E72A1E10E0911200D5E4C1 /* Query.h */ = {isa = PBXFileReference; fileEncoding = 4; lastKnownFileType = sourcecode.c.h; path = Query.h; sourceTree = "<group>"; };
		03E72A2310E0911200D5E4C1 /* Dimension.cpp */ = {isa = PBXFileReference; fileEncoding = 4; lastKnownFileType = sourcecode.cpp.cpp; path = Dimension.cpp; sourceTree = "<group>"; };
		03E72A2410E0911200D5E4C1 /* Dimension.h */ = {isa = PBXFileReference; fileEncoding = 4; lastKnownFileType = sourcecode.c.h; path = Dimension.h; sourceTree = "<group>"; };
		03E72A2510E0911200D5E4C1 /* Event.cpp */ = {isa = PBXFileReference; fileEncoding = 4; lastKnownFileType = sourcecode.cpp.cpp; path = Event.cpp; sourceTree = "<group>"; };
		03E72A2610E0911200D5E4C1 /* Event.h */ = {isa = PBXFileReference; fileEncoding = 4; lastKnownFileType = sourcecode.c.h; path = Event.h; sourceTree = "<group>"; };
		03E72A2710E0911200D5E4C1 /* Key.cpp */ = {isa = PBXFileReference; fileEncoding = 4; lastKnownFileType = sourcecode.cpp.cpp; path = Key.cpp; sourceTree = "<group>"; };
		03E72A2810E0911200D5E4C1 /* Key.h */ = {isa = PBXFileReference; fileEncoding = 4; lastKnownFileType = sourcecode.c.h; path = Key.h; sourceTree = "<group>"; };
		03E72A2910E0911200D5E4C1 /* Query.cpp */ = {isa = PBXFileReference; fileEncoding = 4; lastKnownFileType = sourcecode.cpp.cpp; path = Query.cpp; sourceTree = "<group>"; };
		03E72A2A10E0911200D5E4C1 /* Query.h */ = {isa = PBXFileReference; fileEncoding = 4; lastKnownFileType = sourcecode.c.h; path = Query.h; sourceTree = "<group>"; };
		03E72A2B10E0911200D5E4C1 /* Pattern.cpp */ = {isa = PBXFileReference; fileEncoding = 4; lastKnownFileType = sourcecode.cpp.cpp; path = Pattern.cpp; sourceTree = "<group>"; };
		03E72A2C10E0911200D5E4C1 /* Pattern.h */ = {isa = PBXFileReference; fileEncoding = 4; lastKnownFileType = sourcecode.c.h; path = Pattern.h; sourceTree = "<group>"; };
		03E72A2D10E0911200D5E4C1 /* Table.cpp */ = {isa = PBXFileReference; fileEncoding = 4; lastKnownFileType = sourcecode.cpp.cpp; path = Table.cpp; sourceTree = "<group>"; };
		03E72A2E10E0911200D5E4C1 /* Table.h */ = {isa = PBXFileReference; fileEncoding = 4; lastKnownFileType = sourcecode.c.h; path = Table.h; sourceTree = "<group>"; };
		03E72A3310E0911200D5E4C1 /* BDB.cpp */ = {isa = PBXFileReference; fileEncoding = 4; lastKnownFileType = sourcecode.cpp.cpp; path = BDB.cpp; sourceTree = "<group>"; };
		03E72A3410E0911200D5E4C1 /* BDB.h */ = {isa = PBXFileReference; fileEncoding = 4; lastKnownFileType = sourcecode.c.h; path = BDB.h; sourceTree = "<group>"; };
		03E72A3510E0911200D5E4C1 /* Dimension.cpp */ = {isa = PBXFileReference; fileEncoding = 4; lastKnownFileType = sourcecode.cpp.cpp; path = Dimension.cpp; sourceTree = "<group>"; };
		03E72A3610E0911200D5E4C1 /* Dimension.h */ = {isa = PBXFileReference; fileEncoding = 4; lastKnownFileType = sourcecode.c.h; path = Dimension.h; sourceTree = "<group>"; };
		03E72A3710E0911200D5E4C1 /* Index.cpp */ = {isa = PBXFileReference; fileEncoding = 4; lastKnownFileType = sourcecode.cpp.cpp; path = Index.cpp; sourceTree = "<group>"; };
		03E72A3810E0911200D5E4C1 /* Index.h */ = {isa = PBXFileReference; fileEncoding = 4; lastKnownFileType = sourcecode.c.h; path = Index.h; sourceTree = "<group>"; };
		03E72A3910E0911200D5E4C1 /* Measure.cpp */ = {isa = PBXFileReference; fileEncoding = 4; lastKnownFileType = sourcecode.cpp.cpp; path = Measure.cpp; sourceTree = "<group>"; };
		03E72A3A10E0911200D5E4C1 /* Measure.h */ = {isa = PBXFileReference; fileEncoding = 4; lastKnownFileType = sourcecode.c.h; path = Measure.h; sourceTree = "<group>"; };
		03E72A3B10E0911200D5E4C1 /* Meta.cpp */ = {isa = PBXFileReference; fileEncoding = 4; lastKnownFileType = sourcecode.cpp.cpp; path = Meta.cpp; sourceTree = "<group>"; };
		03E72A3C10E0911200D5E4C1 /* Meta.h */ = {isa = PBXFileReference; fileEncoding = 4; lastKnownFileType = sourcecode.c.h; path = Meta.h; sourceTree = "<group>"; };
		03E72A3D10E0911200D5E4C1 /* Record.cpp */ = {isa = PBXFileReference; fileEncoding = 4; lastKnownFileType = sourcecode.cpp.cpp; path = Record.cpp; sourceTree = "<group>"; };
		03E72A3E10E0911200D5E4C1 /* Record.h */ = {isa = PBXFileReference; fileEncoding = 4; lastKnownFileType = sourcecode.c.h; path = Record.h; sourceTree = "<group>"; };
		03E72A3F10E0911200D5E4C1 /* RIDList.cpp */ = {isa = PBXFileReference; fileEncoding = 4; lastKnownFileType = sourcecode.cpp.cpp; path = RIDList.cpp; sourceTree = "<group>"; };
		03E72A4010E0911200D5E4C1 /* RIDList.h */ = {isa = PBXFileReference; fileEncoding = 4; lastKnownFileType = sourcecode.c.h; path = RIDList.h; sourceTree = "<group>"; };
		03E72A4110E0911200D5E4C1 /* RIDMap.cpp */ = {isa = PBXFileReference; fileEncoding = 4; lastKnownFileType = sourcecode.cpp.cpp; path = RIDMap.cpp; sourceTree = "<group>"; };
		03E72A4210E0911200D5E4C1 /* RIDMap.h */ = {isa = PBXFileReference; fileEncoding = 4; lastKnownFileType = sourcecode.c.h; path = RIDMap.h; sourceTree = "<group>"; };
		03E72A4310E0911200D5E4C1 /* RIDTree.cpp */ = {isa = PBXFileReference; fileEncoding = 4; lastKnownFileType = sourcecode.cpp.cpp; path = RIDTree.cpp; sourceTree = "<group>"; };
		03E72A4410E0911200D5E4C1 /* RIDTree.h */ = {isa = PBXFileReference; fileEncoding = 4; lastKnownFileType = sourcecode.c.h; path = RIDTree.h; sourceTree = "<group>"; };
		03E72A4510E0911200D5E4C1 /* Dimensions.cpp */ = {isa = PBXFileReference; fileEncoding = 4; lastKnownFileType = sourcecode.cpp.cpp; path = Dimensions.cpp; sourceTree = "<group>"; };
		03E72A4610E0911200D5E4C1 /* Dimensions.h */ = {isa = PBXFileReference; fileEncoding = 4; lastKnownFileType = sourcecode.c.h; path = Dimensions.h; sourceTree = "<group>"; };
		03E72A4710E0911200D5E4C1 /* Base.cpp */ = {isa = PBXFileReference; fileEncoding = 4; lastKnownFileType = sourcecode.cpp.cpp; path = Base.cpp; sourceTree = "<group>"; };
		03E72A4810E0911200D5E4C1 /* Base.h */ = {isa = PBXFileReference; fileEncoding = 4; lastKnownFileType = sourcecode.c.h; path = Base.h; sourceTree = "<group>"; };
		03E72A4910E0911200D5E4C1 /* Indices.cpp */ = {isa = PBXFileReference; fileEncoding = 4; lastKnownFileType = sourcecode.cpp.cpp; path = Indices.cpp; sourceTree = "<group>"; };
		03E72A4A10E0911200D5E4C1 /* Indices.h */ = {isa = PBXFileReference; fileEncoding = 4; lastKnownFileType = sourcecode.c.h; path = Indices.h; sourceTree = "<group>"; };
		03E72A4B10E0911200D5E4C1 /* Measures.cpp */ = {isa = PBXFileReference; fileEncoding = 4; lastKnownFileType = sourcecode.cpp.cpp; path = Measures.cpp; sourceTree = "<group>"; };
		03E72A4C10E0911200D5E4C1 /* Measures.h */ = {isa = PBXFileReference; fileEncoding = 4; lastKnownFileType = sourcecode.c.h; path = Measures.h; sourceTree = "<group>"; };
		03E72A4D10E0911200D5E4C1 /* Conditions.h */ = {isa = PBXFileReference; fileEncoding = 4; lastKnownFileType = sourcecode.c.h; path = Conditions.h; sourceTree = "<group>"; };
		03E72A4E10E0911200D5E4C1 /* Conditions.cpp */ = {isa = PBXFileReference; fileEncoding = 4; lastKnownFileType = sourcecode.cpp.cpp; path = Conditions.cpp; sourceTree = "<group>"; };
		03E72A5010E0911200D5E4C1 /* Base.h */ = {isa = PBXFileReference; fileEncoding = 4; lastKnownFileType = sourcecode.c.h; path = Base.h; sourceTree = "<group>"; };
		03E72A5210E0911200D5E4C1 /* Eq.h */ = {isa = PBXFileReference; fileEncoding = 4; lastKnownFileType = sourcecode.c.h; path = Eq.h; sourceTree = "<group>"; };
		03E72A5410E0911200D5E4C1 /* Gt.h */ = {isa = PBXFileReference; fileEncoding = 4; lastKnownFileType = sourcecode.c.h; path = Gt.h; sourceTree = "<group>"; };
		03E72A5610E0911200D5E4C1 /* Gte.h */ = {isa = PBXFileReference; fileEncoding = 4; lastKnownFileType = sourcecode.c.h; path = Gte.h; sourceTree = "<group>"; };
		03E72A5810E0911200D5E4C1 /* In.h */ = {isa = PBXFileReference; fileEncoding = 4; lastKnownFileType = sourcecode.c.h; path = In.h; sourceTree = "<group>"; };
		03E72A5A10E0911200D5E4C1 /* Lt.h */ = {isa = PBXFileReference; fileEncoding = 4; lastKnownFileType = sourcecode.c.h; path = Lt.h; sourceTree = "<group>"; };
		03E72A5C10E0911200D5E4C1 /* Lte.h */ = {isa = PBXFileReference; fileEncoding = 4; lastKnownFileType = sourcecode.c.h; path = Lte.h; sourceTree = "<group>"; };
		03E72A5D10E0911200D5E4C1 /* Base.h */ = {isa = PBXFileReference; fileEncoding = 4; lastKnownFileType = sourcecode.c.h; path = Base.h; sourceTree = "<group>"; };
		03E72AA510E0916D00D5E4C1 /* Flow.h */ = {isa = PBXFileReference; fileEncoding = 4; lastKnownFileType = sourcecode.c.h; path = Flow.h; sourceTree = "<group>"; };
		03E72AA910E0917B00D5E4C1 /* Common.h */ = {isa = PBXFileReference; fileEncoding = 4; lastKnownFileType = sourcecode.c.h; path = Common.h; sourceTree = "<group>"; };
		03E72AC010E091F900D5E4C1 /* TListColumn.h */ = {isa = PBXFileReference; fileEncoding = 4; lastKnownFileType = sourcecode.c.h; name = TListColumn.h; path = Column/TListColumn.h; sourceTree = "<group>"; };
		03E72AC110E091F900D5E4C1 /* TColumn.h */ = {isa = PBXFileReference; fileEncoding = 4; lastKnownFileType = sourcecode.c.h; name = TColumn.h; path = Column/TColumn.h; sourceTree = "<group>"; };
		03E72AC410E091F900D5E4C1 /* Base.h */ = {isa = PBXFileReference; fileEncoding = 4; lastKnownFileType = sourcecode.c.h; name = Base.h; path = Column/Base.h; sourceTree = "<group>"; };
		03E7306A10E3392100D5E4C1 /* TestMain.cpp */ = {isa = PBXFileReference; fileEncoding = 4; lastKnownFileType = sourcecode.cpp.cpp; name = TestMain.cpp; path = Testing/TestMain.cpp; sourceTree = "<group>"; };
		03E7306B10E3392100D5E4C1 /* TestHelper.h */ = {isa = PBXFileReference; fileEncoding = 4; lastKnownFileType = sourcecode.c.h; name = TestHelper.h; path = Testing/TestHelper.h; sourceTree = "<group>"; };
		03E7306D10E3392100D5E4C1 /* Fixture.h */ = {isa = PBXFileReference; fileEncoding = 4; lastKnownFileType = sourcecode.c.h; path = Fixture.h; sourceTree = "<group>"; };
		03E7306E10E3392100D5E4C1 /* SubwayFixture.cpp */ = {isa = PBXFileReference; fileEncoding = 4; lastKnownFileType = sourcecode.cpp.cpp; path = SubwayFixture.cpp; sourceTree = "<group>"; };
		03E7306F10E3392100D5E4C1 /* SubwayFixture.h */ = {isa = PBXFileReference; fileEncoding = 4; lastKnownFileType = sourcecode.c.h; path = SubwayFixture.h; sourceTree = "<group>"; };
		03E7307310E3392100D5E4C1 /* QueryTest.cpp */ = {isa = PBXFileReference; fileEncoding = 4; lastKnownFileType = sourcecode.cpp.cpp; path = QueryTest.cpp; sourceTree = "<group>"; };
		03E7307510E3392100D5E4C1 /* TColumnTest.cpp */ = {isa = PBXFileReference; fileEncoding = 4; lastKnownFileType = sourcecode.cpp.cpp; path = TColumnTest.cpp; sourceTree = "<group>"; };
		03E7307610E3392100D5E4C1 /* TListColumnTest.cpp */ = {isa = PBXFileReference; fileEncoding = 4; lastKnownFileType = sourcecode.cpp.cpp; path = TListColumnTest.cpp; sourceTree = "<group>"; };
		03E7307810E3392100D5E4C1 /* DimensionTest.cpp */ = {isa = PBXFileReference; fileEncoding = 4; lastKnownFileType = sourcecode.cpp.cpp; path = DimensionTest.cpp; sourceTree = "<group>"; };
		03E7307910E3392100D5E4C1 /* EventTest.cpp */ = {isa = PBXFileReference; fileEncoding = 4; lastKnownFileType = sourcecode.cpp.cpp; path = EventTest.cpp; sourceTree = "<group>"; };
		03E7307A10E3392100D5E4C1 /* KeyTest.cpp */ = {isa = PBXFileReference; fileEncoding = 4; lastKnownFileType = sourcecode.cpp.cpp; path = KeyTest.cpp; sourceTree = "<group>"; };
		03E7307B10E3392100D5E4C1 /* QueryTest.cpp */ = {isa = PBXFileReference; fileEncoding = 4; lastKnownFileType = sourcecode.cpp.cpp; path = QueryTest.cpp; sourceTree = "<group>"; };
		03E7307C10E3392100D5E4C1 /* PatternTest.cpp */ = {isa = PBXFileReference; fileEncoding = 4; lastKnownFileType = sourcecode.cpp.cpp; path = PatternTest.cpp; sourceTree = "<group>"; };
		03E7307D10E3392100D5E4C1 /* TableTest.cpp */ = {isa = PBXFileReference; fileEncoding = 4; lastKnownFileType = sourcecode.cpp.cpp; path = TableTest.cpp; sourceTree = "<group>"; };
		03E7308110E3392100D5E4C1 /* DimensionsTest.cpp */ = {isa = PBXFileReference; fileEncoding = 4; lastKnownFileType = sourcecode.cpp.cpp; path = DimensionsTest.cpp; sourceTree = "<group>"; };
		03E7308410E3392100D5E4C1 /* IndicesTest.cpp */ = {isa = PBXFileReference; fileEncoding = 4; lastKnownFileType = sourcecode.cpp.cpp; path = IndicesTest.cpp; sourceTree = "<group>"; };
		03E7308510E3392100D5E4C1 /* MeasuresTest.cpp */ = {isa = PBXFileReference; fileEncoding = 4; lastKnownFileType = sourcecode.cpp.cpp; path = MeasuresTest.cpp; sourceTree = "<group>"; };
		03E7308F10E3392100D5E4C1 /* EQTest.cpp */ = {isa = PBXFileReference; fileEncoding = 4; lastKnownFileType = sourcecode.cpp.cpp; path = EQTest.cpp; sourceTree = "<group>"; };
		03E7309010E3392100D5E4C1 /* GTETest.cpp */ = {isa = PBXFileReference; fileEncoding = 4; lastKnownFileType = sourcecode.cpp.cpp; path = GTETest.cpp; sourceTree = "<group>"; };
		03E7309110E3392100D5E4C1 /* GTTest.cpp */ = {isa = PBXFileReference; fileEncoding = 4; lastKnownFileType = sourcecode.cpp.cpp; path = GTTest.cpp; sourceTree = "<group>"; };
		03E7309210E3392100D5E4C1 /* INTest.cpp */ = {isa = PBXFileReference; fileEncoding = 4; lastKnownFileType = sourcecode.cpp.cpp; path = INTest.cpp; sourceTree = "<group>"; };
		03E7309310E3392100D5E4C1 /* LTETest.cpp */ = {isa = PBXFileReference; fileEncoding = 4; lastKnownFileType = sourcecode.cpp.cpp; path = LTETest.cpp; sourceTree = "<group>"; };
		03E7309410E3392100D5E4C1 /* LTTest.cpp */ = {isa = PBXFileReference; fileEncoding = 4; lastKnownFileType = sourcecode.cpp.cpp; path = LTTest.cpp; sourceTree = "<group>"; };
		03E7309510E3392100D5E4C1 /* BaseTest.cpp */ = {isa = PBXFileReference; fileEncoding = 4; lastKnownFileType = sourcecode.cpp.cpp; name = BaseTest.cpp; path = Testing/BaseTest.cpp; sourceTree = "<group>"; };
/* End PBXFileReference section */

/* Begin PBXFrameworksBuildPhase section */
		03AF8D7E10BE4CEB00AF17CB /* Frameworks */ = {
			isa = PBXFrameworksBuildPhase;
			buildActionMask = 2147483647;
			files = (
				03E4D5C510BE584700D5068E /* libflow.dylib in Frameworks */,
				036AF38A10D37A13002304AE /* libtokyocabinet.dylib in Frameworks */,
				036AF32210D3750F002304AE /* libboost_filesystem-xgcc40-mt.dylib in Frameworks */,
				036AF32410D3751F002304AE /* libboost_system-xgcc40-mt.dylib in Frameworks */,
			);
			runOnlyForDeploymentPostprocessing = 0;
		};
		03E4D53710BE538E00D5068E /* Frameworks */ = {
			isa = PBXFrameworksBuildPhase;
			buildActionMask = 2147483647;
			files = (
				036AF38B10D37A13002304AE /* libtokyocabinet.dylib in Frameworks */,
				036AF38610D379E1002304AE /* libboost_filesystem-xgcc40-mt.dylib in Frameworks */,
				036AF38710D379E1002304AE /* libboost_system-xgcc40-mt.dylib in Frameworks */,
			);
			runOnlyForDeploymentPostprocessing = 0;
		};
/* End PBXFrameworksBuildPhase section */

/* Begin PBXGroup section */
		0369A3FF10E0892D0017E895 /* Source */ = {
			isa = PBXGroup;
			children = (
				03E72A4F10E0911200D5E4C1 /* Condition */,
				03E72A4D10E0911200D5E4C1 /* Conditions.h */,
				03E72A4E10E0911200D5E4C1 /* Conditions.cpp */,
				03E72A3110E0911200D5E4C1 /* Domain */,
				03E72A1210E0911200D5E4C1 /* Engine */,
				03E72A5D10E0911200D5E4C1 /* Base.h */,
				03E72AA510E0916D00D5E4C1 /* Flow.h */,
				03E72AA910E0917B00D5E4C1 /* Common.h */,
			);
			name = Source;
			sourceTree = "<group>";
		};
		03AF8D7410BE4B8500AF17CB /* Libraries */ = {
			isa = PBXGroup;
			children = (
				036AF38910D37A13002304AE /* libtokyocabinet.dylib */,
				036AF32310D3751F002304AE /* libboost_system-xgcc40-mt.dylib */,
				036AF32110D3750F002304AE /* libboost_filesystem-xgcc40-mt.dylib */,
			);
			name = Libraries;
			sourceTree = "<group>";
		};
		03E72A1210E0911200D5E4C1 /* Engine */ = {
			isa = PBXGroup;
			children = (
				03E72AAB10E0919100D5E4C1 /* Column */,
				03E72A2D10E0911200D5E4C1 /* Table.cpp */,
				03E72A2E10E0911200D5E4C1 /* Table.h */,
				0372F00110F7187700BEE006 /* Group.h */,
				0372F00010F7187700BEE006 /* Groups.h */,
				03E72A1310E0911200D5E4C1 /* Aggregate */,
				03E72A1A10E0911200D5E4C1 /* Aggregates.cpp */,
				03E72A1B10E0911200D5E4C1 /* Aggregates.h */,
				03E72A1C10E0911200D5E4C1 /* Analytical */,
				03E72A2210E0911200D5E4C1 /* Sequential */,
			);
			path = Engine;
			sourceTree = "<group>";
		};
		03E72A1310E0911200D5E4C1 /* Aggregate */ = {
			isa = PBXGroup;
			children = (
				03E72A1410E0911200D5E4C1 /* Base.cpp */,
				03E72A1510E0911200D5E4C1 /* Base.h */,
				03E72A1610E0911200D5E4C1 /* Count.cpp */,
				03E72A1710E0911200D5E4C1 /* Count.h */,
				03E72A1810E0911200D5E4C1 /* Sum.cpp */,
				03E72A1910E0911200D5E4C1 /* Sum.h */,
			);
			path = Aggregate;
			sourceTree = "<group>";
		};
		03E72A1C10E0911200D5E4C1 /* Analytical */ = {
			isa = PBXGroup;
			children = (
				03E51F9B10F5779900411368 /* Executive.cpp */,
				03E51F9A10F5779900411368 /* Executive.h */,
				03E72A1D10E0911200D5E4C1 /* Query.cpp */,
				03E72A1E10E0911200D5E4C1 /* Query.h */,
			);
			path = Analytical;
			sourceTree = "<group>";
		};
		03E72A2210E0911200D5E4C1 /* Sequential */ = {
			isa = PBXGroup;
			children = (
				03E51ECF10F3657E00411368 /* Cluster.cpp */,
				03E51ECE10F3657E00411368 /* Cluster.h */,
				03E72A2310E0911200D5E4C1 /* Dimension.cpp */,
				03E72A2410E0911200D5E4C1 /* Dimension.h */,
				03E72A2510E0911200D5E4C1 /* Event.cpp */,
				03E72A2610E0911200D5E4C1 /* Event.h */,
				03E72A2710E0911200D5E4C1 /* Key.cpp */,
				03E72A2810E0911200D5E4C1 /* Key.h */,
				03E72A2910E0911200D5E4C1 /* Query.cpp */,
				03E72A2A10E0911200D5E4C1 /* Query.h */,
				03E72A2B10E0911200D5E4C1 /* Pattern.cpp */,
				03E72A2C10E0911200D5E4C1 /* Pattern.h */,
			);
			path = Sequential;
			sourceTree = "<group>";
		};
		03E72A3110E0911200D5E4C1 /* Domain */ = {
			isa = PBXGroup;
			children = (
				03E72A3210E0911200D5E4C1 /* Data */,
				03E72A4710E0911200D5E4C1 /* Base.cpp */,
				03E72A4810E0911200D5E4C1 /* Base.h */,
				03E72A4510E0911200D5E4C1 /* Dimensions.cpp */,
				03E72A4610E0911200D5E4C1 /* Dimensions.h */,
				03E72A4910E0911200D5E4C1 /* Indices.cpp */,
				03E72A4A10E0911200D5E4C1 /* Indices.h */,
				03E72A4B10E0911200D5E4C1 /* Measures.cpp */,
				03E72A4C10E0911200D5E4C1 /* Measures.h */,
			);
			path = Domain;
			sourceTree = "<group>";
		};
		03E72A3210E0911200D5E4C1 /* Data */ = {
			isa = PBXGroup;
			children = (
				03E72A3310E0911200D5E4C1 /* BDB.cpp */,
				03E72A3410E0911200D5E4C1 /* BDB.h */,
				03E72A3510E0911200D5E4C1 /* Dimension.cpp */,
				03E72A3610E0911200D5E4C1 /* Dimension.h */,
				03E72A3710E0911200D5E4C1 /* Index.cpp */,
				03E72A3810E0911200D5E4C1 /* Index.h */,
				03E72A3910E0911200D5E4C1 /* Measure.cpp */,
				03E72A3A10E0911200D5E4C1 /* Measure.h */,
				03E72A3B10E0911200D5E4C1 /* Meta.cpp */,
				03E72A3C10E0911200D5E4C1 /* Meta.h */,
				03E72A3D10E0911200D5E4C1 /* Record.cpp */,
				03E72A3E10E0911200D5E4C1 /* Record.h */,
				03E72A3F10E0911200D5E4C1 /* RIDList.cpp */,
				03E72A4010E0911200D5E4C1 /* RIDList.h */,
				03E72A4110E0911200D5E4C1 /* RIDMap.cpp */,
				03E72A4210E0911200D5E4C1 /* RIDMap.h */,
				03E72A4310E0911200D5E4C1 /* RIDTree.cpp */,
				03E72A4410E0911200D5E4C1 /* RIDTree.h */,
			);
			path = Data;
			sourceTree = "<group>";
		};
		03E72A4F10E0911200D5E4C1 /* Condition */ = {
			isa = PBXGroup;
			children = (
				03E72A5010E0911200D5E4C1 /* Base.h */,
				03E72A5210E0911200D5E4C1 /* Eq.h */,
				03E72A5410E0911200D5E4C1 /* Gt.h */,
				03E72A5610E0911200D5E4C1 /* Gte.h */,
				03E72A5810E0911200D5E4C1 /* In.h */,
				03E72A5A10E0911200D5E4C1 /* Lt.h */,
				03E72A5C10E0911200D5E4C1 /* Lte.h */,
			);
			path = Condition;
			sourceTree = "<group>";
		};
		03E72AAB10E0919100D5E4C1 /* Column */ = {
			isa = PBXGroup;
			children = (
				03E72AC410E091F900D5E4C1 /* Base.h */,
				03E72AC110E091F900D5E4C1 /* TColumn.h */,
				03E72AC010E091F900D5E4C1 /* TListColumn.h */,
			);
			name = Column;
			sourceTree = "<group>";
		};
		03E72FE210E1B8A700D5E4C1 /* Testing */ = {
			isa = PBXGroup;
			children = (
				03E7306C10E3392100D5E4C1 /* Fixture */,
				03E7308E10E3392100D5E4C1 /* Condition */,
				03E7307E10E3392100D5E4C1 /* Domain */,
				03E7307010E3392100D5E4C1 /* Engine */,
				03E7309510E3392100D5E4C1 /* BaseTest.cpp */,
				03E7306A10E3392100D5E4C1 /* TestMain.cpp */,
				03E7306B10E3392100D5E4C1 /* TestHelper.h */,
			);
			name = Testing;
			sourceTree = "<group>";
		};
		03E7306C10E3392100D5E4C1 /* Fixture */ = {
			isa = PBXGroup;
			children = (
				03E7306D10E3392100D5E4C1 /* Fixture.h */,
				03E7306E10E3392100D5E4C1 /* SubwayFixture.cpp */,
				03E7306F10E3392100D5E4C1 /* SubwayFixture.h */,
			);
			name = Fixture;
			path = Testing/Fixture;
			sourceTree = "<group>";
		};
		03E7307010E3392100D5E4C1 /* Engine */ = {
			isa = PBXGroup;
			children = (
				03E7307110E3392100D5E4C1 /* Aggregate */,
				03E7307410E3392100D5E4C1 /* Column */,
				03E7307210E3392100D5E4C1 /* Analytical */,
				03E7307710E3392100D5E4C1 /* Sequential */,
				03E7307D10E3392100D5E4C1 /* TableTest.cpp */,
			);
			name = Engine;
			path = Testing/Engine;
			sourceTree = "<group>";
		};
		03E7307110E3392100D5E4C1 /* Aggregate */ = {
			isa = PBXGroup;
			children = (
			);
			path = Aggregate;
			sourceTree = "<group>";
		};
		03E7307210E3392100D5E4C1 /* Analytical */ = {
			isa = PBXGroup;
			children = (
				03E520E110F5A02500411368 /* ExecutiveTest.cpp */,
				03E5203210F589E900411368 /* MockExecutive.h */,
				03E7307310E3392100D5E4C1 /* QueryTest.cpp */,
			);
			path = Analytical;
			sourceTree = "<group>";
		};
		03E7307410E3392100D5E4C1 /* Column */ = {
			isa = PBXGroup;
			children = (
				03E7307510E3392100D5E4C1 /* TColumnTest.cpp */,
				03E7307610E3392100D5E4C1 /* TListColumnTest.cpp */,
			);
			path = Column;
			sourceTree = "<group>";
		};
		03E7307710E3392100D5E4C1 /* Sequential */ = {
			isa = PBXGroup;
			children = (
				03E7307810E3392100D5E4C1 /* DimensionTest.cpp */,
				03E7307910E3392100D5E4C1 /* EventTest.cpp */,
				03E7307A10E3392100D5E4C1 /* KeyTest.cpp */,
				03E7307B10E3392100D5E4C1 /* QueryTest.cpp */,
				03E7307C10E3392100D5E4C1 /* PatternTest.cpp */,
			);
			path = Sequential;
			sourceTree = "<group>";
		};
		03E7307E10E3392100D5E4C1 /* Domain */ = {
			isa = PBXGroup;
			children = (
				03E7308010E3392100D5E4C1 /* Data */,
				03BD72AD10E9FD7700442C98 /* MockBase.h */,
				03E7308110E3392100D5E4C1 /* DimensionsTest.cpp */,
				03BD72DE10EA002700442C98 /* MockDimensions.h */,
				03E7308410E3392100D5E4C1 /* IndicesTest.cpp */,
				03BD72E010EA004800442C98 /* MockIndices.h */,
				03E7308510E3392100D5E4C1 /* MeasuresTest.cpp */,
				03BD72E210EA005600442C98 /* MockMeasures.h */,
			);
			name = Domain;
			path = Testing/Domain;
			sourceTree = "<group>";
		};
		03E7308010E3392100D5E4C1 /* Data */ = {
			isa = PBXGroup;
			children = (
				03BD728310E9FCF700442C98 /* RIDTreeTest.cpp */,
				03BD728410E9FCF700442C98 /* RIDMapTest.cpp */,
				03BD728510E9FCF700442C98 /* RIDListTest.cpp */,
				03BD728610E9FCF700442C98 /* RecordTest.cpp */,
				03BD728710E9FCF700442C98 /* MockMeta.h */,
				03BD728910E9FCF700442C98 /* MetaTest.cpp */,
				03BD728A10E9FCF700442C98 /* MeasureTest.cpp */,
				03BD728810E9FCF700442C98 /* MockIndex.h */,
				03BD728B10E9FCF700442C98 /* IndexTest.cpp */,
				03BD728C10E9FCF700442C98 /* DimensionTest.cpp */,
				03BD728D10E9FCF700442C98 /* BDBTest.cpp */,
			);
			path = Data;
			sourceTree = "<group>";
		};
		03E7308E10E3392100D5E4C1 /* Condition */ = {
			isa = PBXGroup;
			children = (
				03E7308F10E3392100D5E4C1 /* EQTest.cpp */,
				03E7309010E3392100D5E4C1 /* GTETest.cpp */,
				03E7309110E3392100D5E4C1 /* GTTest.cpp */,
				03E7309210E3392100D5E4C1 /* INTest.cpp */,
				03E7309310E3392100D5E4C1 /* LTETest.cpp */,
				03E7309410E3392100D5E4C1 /* LTTest.cpp */,
			);
			name = Condition;
			path = Testing/Condition;
			sourceTree = "<group>";
		};
		08FB7794FE84155DC02AAC07 /* flow */ = {
			isa = PBXGroup;
			children = (
				0369A3FF10E0892D0017E895 /* Source */,
				03E72FE210E1B8A700D5E4C1 /* Testing */,
				03AF8D7410BE4B8500AF17CB /* Libraries */,
				C6859E8C029090F304C91782 /* Documentation */,
				1AB674ADFE9D54B511CA2CBB /* Products */,
			);
			name = flow;
			sourceTree = "<group>";
		};
		1AB674ADFE9D54B511CA2CBB /* Products */ = {
			isa = PBXGroup;
			children = (
				03AF8D8010BE4CEB00AF17CB /* Test */,
				03E4D53910BE538E00D5068E /* libflow.dylib */,
			);
			name = Products;
			sourceTree = "<group>";
		};
		C6859E8C029090F304C91782 /* Documentation */ = {
			isa = PBXGroup;
			children = (
				036AEE2410D217F4002304AE /* Sequence OLAP.rtf */,
			);
			name = Documentation;
			sourceTree = "<group>";
		};
/* End PBXGroup section */

/* Begin PBXHeadersBuildPhase section */
		03E4D53510BE538E00D5068E /* Headers */ = {
			isa = PBXHeadersBuildPhase;
			buildActionMask = 2147483647;
			files = (
				03E72A5F10E0911200D5E4C1 /* Base.h in Headers */,
				03E72A6110E0911200D5E4C1 /* Count.h in Headers */,
				03E72A6310E0911200D5E4C1 /* Sum.h in Headers */,
				03E72A6510E0911200D5E4C1 /* Aggregates.h in Headers */,
				03E72A6710E0911200D5E4C1 /* Query.h in Headers */,
				03E72A6C10E0911200D5E4C1 /* Dimension.h in Headers */,
				03E72A6E10E0911200D5E4C1 /* Event.h in Headers */,
				03E72A7010E0911200D5E4C1 /* Key.h in Headers */,
				03E72A7210E0911200D5E4C1 /* Query.h in Headers */,
				03E72A7410E0911200D5E4C1 /* Pattern.h in Headers */,
				03E72A7610E0911200D5E4C1 /* Table.h in Headers */,
				03E72A7A10E0911200D5E4C1 /* BDB.h in Headers */,
				03E72A7C10E0911200D5E4C1 /* Dimension.h in Headers */,
				03E72A7E10E0911200D5E4C1 /* Index.h in Headers */,
				03E72A8010E0911200D5E4C1 /* Measure.h in Headers */,
				03E72A8210E0911200D5E4C1 /* Meta.h in Headers */,
				03E72A8410E0911200D5E4C1 /* Record.h in Headers */,
				03E72A8610E0911200D5E4C1 /* RIDList.h in Headers */,
				03E72A8810E0911200D5E4C1 /* RIDMap.h in Headers */,
				03E72A8A10E0911200D5E4C1 /* RIDTree.h in Headers */,
				03E72A8C10E0911200D5E4C1 /* Dimensions.h in Headers */,
				03E72A8E10E0911200D5E4C1 /* Base.h in Headers */,
				03E72A9010E0911200D5E4C1 /* Indices.h in Headers */,
				03E72A9210E0911200D5E4C1 /* Measures.h in Headers */,
				03E72A9310E0911200D5E4C1 /* Conditions.h in Headers */,
				03E72A9510E0911200D5E4C1 /* Base.h in Headers */,
				03E72A9710E0911200D5E4C1 /* Eq.h in Headers */,
				03E72A9910E0911200D5E4C1 /* Gt.h in Headers */,
				03E72A9B10E0911200D5E4C1 /* Gte.h in Headers */,
				03E72A9D10E0911200D5E4C1 /* In.h in Headers */,
				03E72A9F10E0911200D5E4C1 /* Lt.h in Headers */,
				03E72AA110E0911200D5E4C1 /* Lte.h in Headers */,
				03E72AA210E0911200D5E4C1 /* Base.h in Headers */,
				03E72AA610E0916D00D5E4C1 /* Flow.h in Headers */,
				03E72AAA10E0917B00D5E4C1 /* Common.h in Headers */,
				03E72AC510E091F900D5E4C1 /* TListColumn.h in Headers */,
				03E72AC610E091F900D5E4C1 /* TColumn.h in Headers */,
				03E72AC910E091F900D5E4C1 /* Base.h in Headers */,
				03E51ED010F3657E00411368 /* Cluster.h in Headers */,
				03E51F9C10F5779900411368 /* Executive.h in Headers */,
				03E5203310F589E900411368 /* MockExecutive.h in Headers */,
				0372F00210F7187700BEE006 /* Groups.h in Headers */,
				0372F00310F7187700BEE006 /* Group.h in Headers */,
			);
			runOnlyForDeploymentPostprocessing = 0;
		};
		03E4D5FD10BE5A7800D5068E /* Headers */ = {
			isa = PBXHeadersBuildPhase;
			buildActionMask = 2147483647;
			files = (
				03E7309710E3392100D5E4C1 /* TestHelper.h in Headers */,
				03E7309810E3392100D5E4C1 /* Fixture.h in Headers */,
				03E7309A10E3392100D5E4C1 /* SubwayFixture.h in Headers */,
				03BD729210E9FCF700442C98 /* MockMeta.h in Headers */,
				03BD729310E9FCF700442C98 /* MockIndex.h in Headers */,
				03BD72AE10E9FD7700442C98 /* MockBase.h in Headers */,
				03BD72DF10EA002700442C98 /* MockDimensions.h in Headers */,
				03BD72E110EA004800442C98 /* MockIndices.h in Headers */,
				03BD72E310EA005600442C98 /* MockMeasures.h in Headers */,
			);
			runOnlyForDeploymentPostprocessing = 0;
		};
/* End PBXHeadersBuildPhase section */

/* Begin PBXNativeTarget section */
		03AF8D7F10BE4CEB00AF17CB /* test */ = {
			isa = PBXNativeTarget;
			buildConfigurationList = 03AF8D8E10BE4D0B00AF17CB /* Build configuration list for PBXNativeTarget "test" */;
			buildPhases = (
				03E4D5FD10BE5A7800D5068E /* Headers */,
				03AF8D7D10BE4CEB00AF17CB /* Sources */,
				03AF8D7E10BE4CEB00AF17CB /* Frameworks */,
			);
			buildRules = (
			);
			dependencies = (
				03E4D5DC10BE58FF00D5068E /* PBXTargetDependency */,
			);
			name = test;
			productName = Test;
			productReference = 03AF8D8010BE4CEB00AF17CB /* Test */;
			productType = "com.apple.product-type.tool";
		};
		03E4D53810BE538E00D5068E /* flow */ = {
			isa = PBXNativeTarget;
			buildConfigurationList = 03E4D54910BE540100D5068E /* Build configuration list for PBXNativeTarget "flow" */;
			buildPhases = (
				03E4D53510BE538E00D5068E /* Headers */,
				03E4D53610BE538E00D5068E /* Sources */,
				03E4D53710BE538E00D5068E /* Frameworks */,
			);
			buildRules = (
			);
			dependencies = (
			);
			name = flow;
			productName = flow;
			productReference = 03E4D53910BE538E00D5068E /* libflow.dylib */;
			productType = "com.apple.product-type.library.dynamic";
		};
/* End PBXNativeTarget section */

/* Begin PBXProject section */
		08FB7793FE84155DC02AAC07 /* Project object */ = {
			isa = PBXProject;
			buildConfigurationList = 1DEB923508733DC60010E9CD /* Build configuration list for PBXProject "flow" */;
			compatibilityVersion = "Xcode 3.1";
			hasScannedForEncodings = 1;
			mainGroup = 08FB7794FE84155DC02AAC07 /* flow */;
			projectDirPath = "";
			projectRoot = "";
			targets = (
				03E4D53810BE538E00D5068E /* flow */,
				03AF8D7F10BE4CEB00AF17CB /* test */,
			);
		};
/* End PBXProject section */

/* Begin PBXSourcesBuildPhase section */
		03AF8D7D10BE4CEB00AF17CB /* Sources */ = {
			isa = PBXSourcesBuildPhase;
			buildActionMask = 2147483647;
			files = (
				03E5218010F5A79400411368 /* ExecutiveTest.cpp in Sources */,
				03E7309610E3392100D5E4C1 /* TestMain.cpp in Sources */,
				03E7309910E3392100D5E4C1 /* SubwayFixture.cpp in Sources */,
				03E7309B10E3392100D5E4C1 /* QueryTest.cpp in Sources */,
				03E7309C10E3392100D5E4C1 /* TColumnTest.cpp in Sources */,
				03E7309D10E3392100D5E4C1 /* TListColumnTest.cpp in Sources */,
				03E7309E10E3392100D5E4C1 /* DimensionTest.cpp in Sources */,
				03E7309F10E3392100D5E4C1 /* EventTest.cpp in Sources */,
				03E730A010E3392100D5E4C1 /* KeyTest.cpp in Sources */,
				03E730A110E3392100D5E4C1 /* QueryTest.cpp in Sources */,
				03E730A210E3392100D5E4C1 /* PatternTest.cpp in Sources */,
				03E730A310E3392100D5E4C1 /* TableTest.cpp in Sources */,
				03E730A510E3392100D5E4C1 /* DimensionsTest.cpp in Sources */,
				03E730A810E3392100D5E4C1 /* IndicesTest.cpp in Sources */,
				03E730A910E3392100D5E4C1 /* MeasuresTest.cpp in Sources */,
				03E730B210E3392100D5E4C1 /* EQTest.cpp in Sources */,
				03E730B310E3392100D5E4C1 /* GTETest.cpp in Sources */,
				03E730B410E3392100D5E4C1 /* GTTest.cpp in Sources */,
				03E730B510E3392100D5E4C1 /* INTest.cpp in Sources */,
				03E730B610E3392100D5E4C1 /* LTETest.cpp in Sources */,
				03E730B710E3392100D5E4C1 /* LTTest.cpp in Sources */,
				03E730B810E3392100D5E4C1 /* BaseTest.cpp in Sources */,
				03BD728E10E9FCF700442C98 /* RIDTreeTest.cpp in Sources */,
				03BD728F10E9FCF700442C98 /* RIDMapTest.cpp in Sources */,
				03BD729010E9FCF700442C98 /* RIDListTest.cpp in Sources */,
				03BD729110E9FCF700442C98 /* RecordTest.cpp in Sources */,
				03BD729410E9FCF700442C98 /* MetaTest.cpp in Sources */,
				03BD729510E9FCF700442C98 /* MeasureTest.cpp in Sources */,
				03BD729610E9FCF700442C98 /* IndexTest.cpp in Sources */,
				03BD729710E9FCF700442C98 /* DimensionTest.cpp in Sources */,
				03BD729810E9FCF700442C98 /* BDBTest.cpp in Sources */,
			);
			runOnlyForDeploymentPostprocessing = 0;
		};
		03E4D53610BE538E00D5068E /* Sources */ = {
			isa = PBXSourcesBuildPhase;
			buildActionMask = 2147483647;
			files = (
				03E72A5E10E0911200D5E4C1 /* Base.cpp in Sources */,
				03E72A6010E0911200D5E4C1 /* Count.cpp in Sources */,
				03E72A6210E0911200D5E4C1 /* Sum.cpp in Sources */,
				03E72A6410E0911200D5E4C1 /* Aggregates.cpp in Sources */,
				03E72A6610E0911200D5E4C1 /* Query.cpp in Sources */,
				03E72A6B10E0911200D5E4C1 /* Dimension.cpp in Sources */,
				03E72A6D10E0911200D5E4C1 /* Event.cpp in Sources */,
				03E72A6F10E0911200D5E4C1 /* Key.cpp in Sources */,
				03E72A7110E0911200D5E4C1 /* Query.cpp in Sources */,
				03E72A7310E0911200D5E4C1 /* Pattern.cpp in Sources */,
				03E72A7510E0911200D5E4C1 /* Table.cpp in Sources */,
				03E72A7910E0911200D5E4C1 /* BDB.cpp in Sources */,
				03E72A7B10E0911200D5E4C1 /* Dimension.cpp in Sources */,
				03E72A7D10E0911200D5E4C1 /* Index.cpp in Sources */,
				03E72A7F10E0911200D5E4C1 /* Measure.cpp in Sources */,
				03E72A8110E0911200D5E4C1 /* Meta.cpp in Sources */,
				03E72A8310E0911200D5E4C1 /* Record.cpp in Sources */,
				03E72A8510E0911200D5E4C1 /* RIDList.cpp in Sources */,
				03E72A8710E0911200D5E4C1 /* RIDMap.cpp in Sources */,
				03E72A8910E0911200D5E4C1 /* RIDTree.cpp in Sources */,
				03E72A8B10E0911200D5E4C1 /* Dimensions.cpp in Sources */,
				03E72A8D10E0911200D5E4C1 /* Base.cpp in Sources */,
				03E72A8F10E0911200D5E4C1 /* Indices.cpp in Sources */,
				03E72A9110E0911200D5E4C1 /* Measures.cpp in Sources */,
				03E72A9410E0911200D5E4C1 /* Conditions.cpp in Sources */,
				03E51ED110F3657E00411368 /* Cluster.cpp in Sources */,
				03E51F9D10F5779900411368 /* Executive.cpp in Sources */,
			);
			runOnlyForDeploymentPostprocessing = 0;
		};
/* End PBXSourcesBuildPhase section */

/* Begin PBXTargetDependency section */
		03E4D5DC10BE58FF00D5068E /* PBXTargetDependency */ = {
			isa = PBXTargetDependency;
			target = 03E4D53810BE538E00D5068E /* flow */;
			targetProxy = 03E4D5DB10BE58FF00D5068E /* PBXContainerItemProxy */;
		};
/* End PBXTargetDependency section */

/* Begin XCBuildConfiguration section */
		036AE80710CE5306002304AE /* Coverage */ = {
			isa = XCBuildConfiguration;
			buildSettings = {
				ARCHS = "$(ARCHS_STANDARD_32_BIT)";
				GCC_C_LANGUAGE_STANDARD = c99;
				GCC_OPTIMIZATION_LEVEL = 0;
				GCC_WARN_ABOUT_RETURN_TYPE = YES;
				GCC_WARN_UNUSED_VARIABLE = YES;
				ONLY_ACTIVE_ARCH = YES;
				PREBINDING = NO;
				SDKROOT = macosx10.5;
			};
			name = Coverage;
		};
		036AE80B10CE5306002304AE /* Coverage */ = {
			isa = XCBuildConfiguration;
			buildSettings = {
				ALWAYS_SEARCH_USER_PATHS = NO;
				COPY_PHASE_STRIP = NO;
				EXECUTABLE_PREFIX = lib;
				GCC_DYNAMIC_NO_PIC = NO;
				GCC_ENABLE_FIX_AND_CONTINUE = YES;
				GCC_MODEL_TUNING = G5;
				GCC_OPTIMIZATION_LEVEL = 0;
				HEADER_SEARCH_PATHS = (
					.,
					/usr/local/include,
				);
				INSTALL_PATH = /usr/local/lib;
				LIBRARY_SEARCH_PATHS = (
					/usr/local/lib,
					"\"$(SRCROOT)/build/Debug\"",
					"\"$(DEVELOPER_DIR)/usr/lib\"",
				);
				OTHER_LDFLAGS = "";
				PREBINDING = NO;
				PRODUCT_NAME = flow;
			};
			name = Coverage;
		};
		036AE80C10CE5306002304AE /* Coverage */ = {
			isa = XCBuildConfiguration;
			buildSettings = {
				ALWAYS_SEARCH_USER_PATHS = NO;
				COPY_PHASE_STRIP = NO;
				GCC_DYNAMIC_NO_PIC = NO;
				GCC_ENABLE_FIX_AND_CONTINUE = YES;
				GCC_GENERATE_TEST_COVERAGE_FILES = YES;
				GCC_INSTRUMENT_PROGRAM_FLOW_ARCS = YES;
				GCC_MODEL_TUNING = G5;
				GCC_OPTIMIZATION_LEVEL = 0;
				HEADER_SEARCH_PATHS = /usr/local/include;
				INSTALL_PATH = /usr/local/bin;
				LIBRARY_SEARCH_PATHS = (
					/usr/local/lib,
					"\"$(DEVELOPER_DIR)/usr/lib\"",
				);
				OTHER_CPLUSPLUSFLAGS = "$(OTHER_CFLAGS)";
				OTHER_LDFLAGS = (
					"-lgtest",
					"-lgcov",
				);
				PREBINDING = NO;
				PRODUCT_NAME = Test;
			};
			name = Coverage;
		};
		03AF8D8210BE4CED00AF17CB /* Debug */ = {
			isa = XCBuildConfiguration;
			buildSettings = {
				ALWAYS_SEARCH_USER_PATHS = NO;
				COPY_PHASE_STRIP = NO;
				GCC_DYNAMIC_NO_PIC = NO;
				GCC_ENABLE_FIX_AND_CONTINUE = YES;
				GCC_MODEL_TUNING = G5;
				GCC_OPTIMIZATION_LEVEL = 0;
				HEADER_SEARCH_PATHS = (
					.,
					/usr/local/include,
				);
				INSTALL_PATH = /usr/local/bin;
				LIBRARY_SEARCH_PATHS = (
					/usr/local/lib,
					"\"$(DEVELOPER_DIR)/usr/lib\"",
				);
				OTHER_LDFLAGS = (
					"-ltokyocabinet",
					"-lgtest",
					"-lgmock",
				);
				PREBINDING = NO;
				PRODUCT_NAME = Test;
				SKIP_INSTALL = NO;
			};
			name = Debug;
		};
		03AF8D8310BE4CED00AF17CB /* Release */ = {
			isa = XCBuildConfiguration;
			buildSettings = {
				ALWAYS_SEARCH_USER_PATHS = NO;
				COPY_PHASE_STRIP = YES;
				DEBUG_INFORMATION_FORMAT = "dwarf-with-dsym";
				GCC_ENABLE_FIX_AND_CONTINUE = NO;
				GCC_MODEL_TUNING = G5;
				INSTALL_PATH = /usr/local/bin;
				LIBRARY_SEARCH_PATHS = (
					"$(inherited)",
					"\"$(DEVELOPER_DIR)/usr/lib\"",
				);
				PREBINDING = NO;
				PRODUCT_NAME = Test;
				ZERO_LINK = NO;
			};
			name = Release;
		};
		03E4D53A10BE539000D5068E /* Debug */ = {
			isa = XCBuildConfiguration;
			buildSettings = {
				ALWAYS_SEARCH_USER_PATHS = NO;
				COPY_PHASE_STRIP = NO;
				EXECUTABLE_PREFIX = lib;
				GCC_DYNAMIC_NO_PIC = NO;
				GCC_ENABLE_FIX_AND_CONTINUE = YES;
				GCC_MODEL_TUNING = G5;
				GCC_OPTIMIZATION_LEVEL = 0;
				HEADER_SEARCH_PATHS = (
					.,
					/usr/local/include,
				);
				INSTALL_PATH = /usr/local/lib;
				LIBRARY_SEARCH_PATHS = (
					/usr/local/lib,
					"\"$(SRCROOT)/build/Debug\"",
					"\"$(DEVELOPER_DIR)/usr/lib\"",
				);
				OTHER_LDFLAGS = "-ltokyocabinet";
				PREBINDING = NO;
				PRODUCT_NAME = flow;
			};
			name = Debug;
		};
		03E4D53B10BE539000D5068E /* Release */ = {
			isa = XCBuildConfiguration;
			buildSettings = {
				ALWAYS_SEARCH_USER_PATHS = NO;
				COPY_PHASE_STRIP = YES;
				DEBUG_INFORMATION_FORMAT = "dwarf-with-dsym";
				EXECUTABLE_PREFIX = lib;
				GCC_ENABLE_FIX_AND_CONTINUE = NO;
				GCC_MODEL_TUNING = G5;
				INSTALL_PATH = /usr/local/lib;
				LIBRARY_SEARCH_PATHS = (
					"$(inherited)",
					"\"$(SRCROOT)/build/Debug\"",
					"\"$(DEVELOPER_DIR)/usr/lib\"",
				);
				PREBINDING = NO;
				PRODUCT_NAME = flow;
				ZERO_LINK = NO;
			};
			name = Release;
		};
		1DEB923608733DC60010E9CD /* Debug */ = {
			isa = XCBuildConfiguration;
			buildSettings = {
				ARCHS = "$(ARCHS_STANDARD_32_BIT)";
				GCC_C_LANGUAGE_STANDARD = c99;
				GCC_OPTIMIZATION_LEVEL = 0;
				GCC_WARN_ABOUT_RETURN_TYPE = YES;
				GCC_WARN_UNUSED_VARIABLE = YES;
				ONLY_ACTIVE_ARCH = YES;
				PREBINDING = NO;
				SDKROOT = macosx10.5;
			};
			name = Debug;
		};
		1DEB923708733DC60010E9CD /* Release */ = {
			isa = XCBuildConfiguration;
			buildSettings = {
				ARCHS = "$(ARCHS_STANDARD_32_BIT)";
				GCC_C_LANGUAGE_STANDARD = c99;
				GCC_WARN_ABOUT_RETURN_TYPE = YES;
				GCC_WARN_UNUSED_VARIABLE = YES;
				PREBINDING = NO;
				SDKROOT = macosx10.5;
			};
			name = Release;
		};
/* End XCBuildConfiguration section */

/* Begin XCConfigurationList section */
		03AF8D8E10BE4D0B00AF17CB /* Build configuration list for PBXNativeTarget "test" */ = {
			isa = XCConfigurationList;
			buildConfigurations = (
				03AF8D8210BE4CED00AF17CB /* Debug */,
				036AE80C10CE5306002304AE /* Coverage */,
				03AF8D8310BE4CED00AF17CB /* Release */,
			);
			defaultConfigurationIsVisible = 0;
			defaultConfigurationName = Release;
		};
		03E4D54910BE540100D5068E /* Build configuration list for PBXNativeTarget "flow" */ = {
			isa = XCConfigurationList;
			buildConfigurations = (
				03E4D53A10BE539000D5068E /* Debug */,
				036AE80B10CE5306002304AE /* Coverage */,
				03E4D53B10BE539000D5068E /* Release */,
			);
			defaultConfigurationIsVisible = 0;
			defaultConfigurationName = Release;
		};
		1DEB923508733DC60010E9CD /* Build configuration list for PBXProject "flow" */ = {
			isa = XCConfigurationList;
			buildConfigurations = (
				1DEB923608733DC60010E9CD /* Debug */,
				036AE80710CE5306002304AE /* Coverage */,
				1DEB923708733DC60010E9CD /* Release */,
			);
			defaultConfigurationIsVisible = 0;
			defaultConfigurationName = Release;
		};
/* End XCConfigurationList section */
	};
	rootObject = 08FB7793FE84155DC02AAC07 /* Project object */;
}
